
Microsoft Visual Studio Solution File, Format Version 12.00
# Visual Studio Version 17
VisualStudioVersion = 17.14.36603.0 d17.14
MinimumVisualStudioVersion = 10.0.40219.1
Project("{FAE04EC0-301F-11D3-BF4B-00C04F79EFBC}") = "FIAP.CP2", "FIAP.CP2\FIAP.CP2.csproj", "{ABD6DD33-F69E-47AD-9CDC-85137A097114}"
EndProject
Project("{FAE04EC0-301F-11D3-BF4B-00C04F79EFBC}") = "FIAP.CP2.Model", "FIAP.CP2.Model\FIAP.CP2.Model.csproj", "{23A11FA6-FD56-4DA5-835A-9F15D963F502}"
EndProject
Project("{FAE04EC0-301F-11D3-BF4B-00C04F79EFBC}") = "FIAP.CP2.Data", "FIAP.CP2.Data\FIAP.CP2.Data.csproj", "{7C078D73-915B-4045-A7F8-42E22C037096}"
EndProject
Project("{FAE04EC0-301F-11D3-BF4B-00C04F79EFBC}") = "Fiap.CP2.Business", "Fiap.CP2.Business\Fiap.CP2.Business.csproj", "{5CF3170D-D61C-47EA-BF43-5939356F7424}"
EndProject
Project("{FAE04EC0-301F-11D3-BF4B-00C04F79EFBC}") = "FIAP.CP2.UI", "FIAP.CP2.UI\FIAP.CP2.UI.csproj", "{AC6FED60-E882-4B50-8E08-BEE7542B8CF6}"
EndProject
Global
	GlobalSection(SolutionConfigurationPlatforms) = preSolution
		Debug|Any CPU = Debug|Any CPU
		Release|Any CPU = Release|Any CPU
	EndGlobalSection
	GlobalSection(ProjectConfigurationPlatforms) = postSolution
		{ABD6DD33-F69E-47AD-9CDC-85137A097114}.Debug|Any CPU.ActiveCfg = Debug|Any CPU
		{ABD6DD33-F69E-47AD-9CDC-85137A097114}.Debug|Any CPU.Build.0 = Debug|Any CPU
		{ABD6DD33-F69E-47AD-9CDC-85137A097114}.Release|Any CPU.ActiveCfg = Release|Any CPU
		{ABD6DD33-F69E-47AD-9CDC-85137A097114}.Release|Any CPU.Build.0 = Release|Any CPU
		{23A11FA6-FD56-4DA5-835A-9F15D963F502}.Debug|Any CPU.ActiveCfg = Debug|Any CPU
		{23A11FA6-FD56-4DA5-835A-9F15D963F502}.Debug|Any CPU.Build.0 = Debug|Any CPU
		{23A11FA6-FD56-4DA5-835A-9F15D963F502}.Release|Any CPU.ActiveCfg = Release|Any CPU
		{23A11FA6-FD56-4DA5-835A-9F15D963F502}.Release|Any CPU.Build.0 = Release|Any CPU
		{7C078D73-915B-4045-A7F8-42E22C037096}.Debug|Any CPU.ActiveCfg = Debug|Any CPU
		{7C078D73-915B-4045-A7F8-42E22C037096}.Debug|Any CPU.Build.0 = Debug|Any CPU
		{7C078D73-915B-4045-A7F8-42E22C037096}.Release|Any CPU.ActiveCfg = Release|Any CPU
		{7C078D73-915B-4045-A7F8-42E22C037096}.Release|Any CPU.Build.0 = Release|Any CPU
		{5CF3170D-D61C-47EA-BF43-5939356F7424}.Debug|Any CPU.ActiveCfg = Debug|Any CPU
		{5CF3170D-D61C-47EA-BF43-5939356F7424}.Debug|Any CPU.Build.0 = Debug|Any CPU
		{5CF3170D-D61C-47EA-BF43-5939356F7424}.Release|Any CPU.ActiveCfg = Release|Any CPU
		{5CF3170D-D61C-47EA-BF43-5939356F7424}.Release|Any CPU.Build.0 = Release|Any CPU
		{AC6FED60-E882-4B50-8E08-BEE7542B8CF6}.Debug|Any CPU.ActiveCfg = Debug|Any CPU
		{AC6FED60-E882-4B50-8E08-BEE7542B8CF6}.Debug|Any CPU.Build.0 = Debug|Any CPU
		{AC6FED60-E882-4B50-8E08-BEE7542B8CF6}.Release|Any CPU.ActiveCfg = Release|Any CPU
		{AC6FED60-E882-4B50-8E08-BEE7542B8CF6}.Release|Any CPU.Build.0 = Release|Any CPU
	EndGlobalSection
	GlobalSection(SolutionProperties) = preSolution
		HideSolutionNode = FALSE
	EndGlobalSection
	GlobalSection(ExtensibilityGlobals) = postSolution
		SolutionGuid = {689B5C65-1C63-4451-B69E-941A75D2C0CB}
	EndGlobalSection
EndGlobal
